
Microsoft Visual Studio Solution File, Format Version 12.00
# Visual Studio Version 16
VisualStudioVersion = 16.0.32929.386
MinimumVisualStudioVersion = 10.0.40219.1
Project("{FAE04EC0-301F-11D3-BF4B-00C04F79EFBC}") = "CSharp6.6Practice", "CSharp6.6Practice\CSharp6.6Practice.csproj", "{26D48B97-170D-434E-9A86-34A63BC3524D}"
EndProject
Global
	GlobalSection(SolutionConfigurationPlatforms) = preSolution
		Debug|Any CPU = Debug|Any CPU
		Release|Any CPU = Release|Any CPU
	EndGlobalSection
	GlobalSection(ProjectConfigurationPlatforms) = postSolution
		{26D48B97-170D-434E-9A86-34A63BC3524D}.Debug|Any CPU.ActiveCfg = Debug|Any CPU
		{26D48B97-170D-434E-9A86-34A63BC3524D}.Debug|Any CPU.Build.0 = Debug|Any CPU
		{26D48B97-170D-434E-9A86-34A63BC3524D}.Release|Any CPU.ActiveCfg = Release|Any CPU
		{26D48B97-170D-434E-9A86-34A63BC3524D}.Release|Any CPU.Build.0 = Release|Any CPU
	EndGlobalSection
	GlobalSection(SolutionProperties) = preSolution
		HideSolutionNode = FALSE
	EndGlobalSection
	GlobalSection(ExtensibilityGlobals) = postSolution
		SolutionGuid = {0E302736-0BEA-4FBB-9393-7FA084AF5C31}
	EndGlobalSection
EndGlobal
